// !$*UTF8*$!
{
	archiveVersion = 1;
	classes = {
	};
	objectVersion = 52;
	objects = {

/* Begin PBXBuildFile section */
		BFF61D3725D0E6830074A3A1 /* AppDelegate.swift in Sources */ = {isa = PBXBuildFile; fileRef = BFF61D3625D0E6830074A3A1 /* AppDelegate.swift */; };
		BFF61D3925D0E6830074A3A1 /* SceneDelegate.swift in Sources */ = {isa = PBXBuildFile; fileRef = BFF61D3825D0E6830074A3A1 /* SceneDelegate.swift */; };
		BFF61D3B25D0E6830074A3A1 /* ContentView.swift in Sources */ = {isa = PBXBuildFile; fileRef = BFF61D3A25D0E6830074A3A1 /* ContentView.swift */; };
		BFF61D3D25D0E6830074A3A1 /* Assets.xcassets in Resources */ = {isa = PBXBuildFile; fileRef = BFF61D3C25D0E6830074A3A1 /* Assets.xcassets */; };
		BFF61D4025D0E6830074A3A1 /* Preview Assets.xcassets in Resources */ = {isa = PBXBuildFile; fileRef = BFF61D3F25D0E6830074A3A1 /* Preview Assets.xcassets */; };
		BFF61D4325D0E6830074A3A1 /* LaunchScreen.storyboard in Resources */ = {isa = PBXBuildFile; fileRef = BFF61D4125D0E6830074A3A1 /* LaunchScreen.storyboard */; };
		BFF61D4D25D0E7440074A3A1 /* SwiftyJSON in Frameworks */ = {isa = PBXBuildFile; productRef = BFF61D4C25D0E7440074A3A1 /* SwiftyJSON */; };
		BFF61D5125D0E77B0074A3A1 /* SDWebImageSwiftUI in Frameworks */ = {isa = PBXBuildFile; productRef = BFF61D5025D0E77B0074A3A1 /* SDWebImageSwiftUI */; };
		BFF61D5825D0F04F0074A3A1 /* News.swift in Sources */ = {isa = PBXBuildFile; fileRef = BFF61D5725D0F04F0074A3A1 /* News.swift */; };
		BFF61D5B25D0F0700074A3A1 /* NewsModel.swift in Sources */ = {isa = PBXBuildFile; fileRef = BFF61D5A25D0F0700074A3A1 /* NewsModel.swift */; };
/* End PBXBuildFile section */

/* Begin PBXFileReference section */
		BFF61D3325D0E6830074A3A1 /* LoadImage JSON.app */ = {isa = PBXFileReference; explicitFileType = wrapper.application; includeInIndex = 0; path = "LoadImage JSON.app"; sourceTree = BUILT_PRODUCTS_DIR; };
		BFF61D3625D0E6830074A3A1 /* AppDelegate.swift */ = {isa = PBXFileReference; lastKnownFileType = sourcecode.swift; path = AppDelegate.swift; sourceTree = "<group>"; };
		BFF61D3825D0E6830074A3A1 /* SceneDelegate.swift */ = {isa = PBXFileReference; lastKnownFileType = sourcecode.swift; path = SceneDelegate.swift; sourceTree = "<group>"; };
		BFF61D3A25D0E6830074A3A1 /* ContentView.swift */ = {isa = PBXFileReference; lastKnownFileType = sourcecode.swift; path = ContentView.swift; sourceTree = "<group>"; };
		BFF61D3C25D0E6830074A3A1 /* Assets.xcassets */ = {isa = PBXFileReference; lastKnownFileType = folder.assetcatalog; path = Assets.xcassets; sourceTree = "<group>"; };
		BFF61D3F25D0E6830074A3A1 /* Preview Assets.xcassets */ = {isa = PBXFileReference; lastKnownFileType = folder.assetcatalog; path = "Preview Assets.xcassets"; sourceTree = "<group>"; };
		BFF61D4225D0E6830074A3A1 /* Base */ = {isa = PBXFileReference; lastKnownFileType = file.storyboard; name = Base; path = Base.lproj/LaunchScreen.storyboard; sourceTree = "<group>"; };
		BFF61D4425D0E6830074A3A1 /* Info.plist */ = {isa = PBXFileReference; lastKnownFileType = text.plist.xml; path = Info.plist; sourceTree = "<group>"; };
		BFF61D5725D0F04F0074A3A1 /* News.swift */ = {isa = PBXFileReference; lastKnownFileType = sourcecode.swift; path = News.swift; sourceTree = "<group>"; };
		BFF61D5A25D0F0700074A3A1 /* NewsModel.swift */ = {isa = PBXFileReference; lastKnownFileType = sourcecode.swift; path = NewsModel.swift; sourceTree = "<group>"; };
/* End PBXFileReference section */

/* Begin PBXFrameworksBuildPhase section */
		BFF61D3025D0E6830074A3A1 /* Frameworks */ = {
			isa = PBXFrameworksBuildPhase;
			buildActionMask = 2147483647;
			files = (
				BFF61D5125D0E77B0074A3A1 /* SDWebImageSwiftUI in Frameworks */,
				BFF61D4D25D0E7440074A3A1 /* SwiftyJSON in Frameworks */,
			);
			runOnlyForDeploymentPostprocessing = 0;
		};
/* End PBXFrameworksBuildPhase section */

/* Begin PBXGroup section */
		BFF61D2A25D0E6820074A3A1 = {
			isa = PBXGroup;
			children = (
				BFF61D3525D0E6830074A3A1 /* LoadImage JSON */,
				BFF61D3425D0E6830074A3A1 /* Products */,
			);
			sourceTree = "<group>";
		};
		BFF61D3425D0E6830074A3A1 /* Products */ = {
			isa = PBXGroup;
			children = (
				BFF61D3325D0E6830074A3A1 /* LoadImage JSON.app */,
			);
			name = Products;
			sourceTree = "<group>";
		};
		BFF61D3525D0E6830074A3A1 /* LoadImage JSON */ = {
			isa = PBXGroup;
			children = (
				BFF61D5525D0EF550074A3A1 /* ViewModel */,
				BFF61D5425D0EF4D0074A3A1 /* View */,
				BFF61D5325D0EF380074A3A1 /* Model */,
				BFF61D3625D0E6830074A3A1 /* AppDelegate.swift */,
				BFF61D3825D0E6830074A3A1 /* SceneDelegate.swift */,
				BFF61D3C25D0E6830074A3A1 /* Assets.xcassets */,
				BFF61D4125D0E6830074A3A1 /* LaunchScreen.storyboard */,
				BFF61D4425D0E6830074A3A1 /* Info.plist */,
				BFF61D3E25D0E6830074A3A1 /* Preview Content */,
			);
			path = "LoadImage JSON";
			sourceTree = "<group>";
		};
		BFF61D3E25D0E6830074A3A1 /* Preview Content */ = {
			isa = PBXGroup;
			children = (
				BFF61D3F25D0E6830074A3A1 /* Preview Assets.xcassets */,
			);
			path = "Preview Content";
			sourceTree = "<group>";
		};
		BFF61D5325D0EF380074A3A1 /* Model */ = {
			isa = PBXGroup;
			children = (
				BFF61D5725D0F04F0074A3A1 /* News.swift */,
			);
			path = Model;
			sourceTree = "<group>";
		};
		BFF61D5425D0EF4D0074A3A1 /* View */ = {
			isa = PBXGroup;
			children = (
				BFF61D3A25D0E6830074A3A1 /* ContentView.swift */,
			);
			path = View;
			sourceTree = "<group>";
		};
		BFF61D5525D0EF550074A3A1 /* ViewModel */ = {
			isa = PBXGroup;
			children = (
				BFF61D5A25D0F0700074A3A1 /* NewsModel.swift */,
			);
			path = ViewModel;
			sourceTree = "<group>";
		};
/* End PBXGroup section */

/* Begin PBXNativeTarget section */
		BFF61D3225D0E6830074A3A1 /* LoadImage JSON */ = {
			isa = PBXNativeTarget;
			buildConfigurationList = BFF61D4725D0E6830074A3A1 /* Build configuration list for PBXNativeTarget "LoadImage JSON" */;
			buildPhases = (
				BFF61D2F25D0E6830074A3A1 /* Sources */,
				BFF61D3025D0E6830074A3A1 /* Frameworks */,
				BFF61D3125D0E6830074A3A1 /* Resources */,
			);
			buildRules = (
			);
			dependencies = (
			);
			name = "LoadImage JSON";
			packageProductDependencies = (
				BFF61D4C25D0E7440074A3A1 /* SwiftyJSON */,
				BFF61D5025D0E77B0074A3A1 /* SDWebImageSwiftUI */,
			);
			productName = "LoadImage JSON";
			productReference = BFF61D3325D0E6830074A3A1 /* LoadImage JSON.app */;
			productType = "com.apple.product-type.application";
		};
/* End PBXNativeTarget section */

/* Begin PBXProject section */
		BFF61D2B25D0E6820074A3A1 /* Project object */ = {
			isa = PBXProject;
			attributes = {
				LastSwiftUpdateCheck = 1240;
				LastUpgradeCheck = 1240;
				TargetAttributes = {
					BFF61D3225D0E6830074A3A1 = {
						CreatedOnToolsVersion = 12.4;
					};
				};
			};
			buildConfigurationList = BFF61D2E25D0E6820074A3A1 /* Build configuration list for PBXProject "LoadImage JSON" */;
			compatibilityVersion = "Xcode 9.3";
			developmentRegion = en;
			hasScannedForEncodings = 0;
			knownRegions = (
				en,
				Base,
			);
			mainGroup = BFF61D2A25D0E6820074A3A1;
			packageReferences = (
				BFF61D4B25D0E7440074A3A1 /* XCRemoteSwiftPackageReference "SwiftyJSON" */,
				BFF61D4F25D0E77B0074A3A1 /* XCRemoteSwiftPackageReference "SDWebImageSwiftUI" */,
			);
			productRefGroup = BFF61D3425D0E6830074A3A1 /* Products */;
			projectDirPath = "";
			projectRoot = "";
			targets = (
				BFF61D3225D0E6830074A3A1 /* LoadImage JSON */,
			);
		};
/* End PBXProject section */

/* Begin PBXResourcesBuildPhase section */
		BFF61D3125D0E6830074A3A1 /* Resources */ = {
			isa = PBXResourcesBuildPhase;
			buildActionMask = 2147483647;
			files = (
				BFF61D4325D0E6830074A3A1 /* LaunchScreen.storyboard in Resources */,
				BFF61D4025D0E6830074A3A1 /* Preview Assets.xcassets in Resources */,
				BFF61D3D25D0E6830074A3A1 /* Assets.xcassets in Resources */,
			);
			runOnlyForDeploymentPostprocessing = 0;
		};
/* End PBXResourcesBuildPhase section */

/* Begin PBXSourcesBuildPhase section */
		BFF61D2F25D0E6830074A3A1 /* Sources */ = {
			isa = PBXSourcesBuildPhase;
			buildActionMask = 2147483647;
			files = (
				BFF61D3725D0E6830074A3A1 /* AppDelegate.swift in Sources */,
				BFF61D3925D0E6830074A3A1 /* SceneDelegate.swift in Sources */,
				BFF61D5825D0F04F0074A3A1 /* News.swift in Sources */,
				BFF61D3B25D0E6830074A3A1 /* ContentView.swift in Sources */,
				BFF61D5B25D0F0700074A3A1 /* NewsModel.swift in Sources */,
			);
			runOnlyForDeploymentPostprocessing = 0;
		};
/* End PBXSourcesBuildPhase section */

/* Begin PBXVariantGroup section */
		BFF61D4125D0E6830074A3A1 /* LaunchScreen.storyboard */ = {
			isa = PBXVariantGroup;
			children = (
				BFF61D4225D0E6830074A3A1 /* Base */,
			);
			name = LaunchScreen.storyboard;
			sourceTree = "<group>";
		};
/* End PBXVariantGroup section */

/* Begin XCBuildConfiguration section */
		BFF61D4525D0E6830074A3A1 /* Debug */ = {
			isa = XCBuildConfiguration;
			buildSettings = {
				ALWAYS_SEARCH_USER_PATHS = NO;
				CLANG_ANALYZER_NONNULL = YES;
				CLANG_ANALYZER_NUMBER_OBJECT_CONVERSION = YES_AGGRESSIVE;
				CLANG_CXX_LANGUAGE_STANDARD = "gnu++14";
				CLANG_CXX_LIBRARY = "libc++";
				CLANG_ENABLE_MODULES = YES;
				CLANG_ENABLE_OBJC_ARC = YES;
				CLANG_ENABLE_OBJC_WEAK = YES;
				CLANG_WARN_BLOCK_CAPTURE_AUTORELEASING = YES;
				CLANG_WARN_BOOL_CONVERSION = YES;
				CLANG_WARN_COMMA = YES;
				CLANG_WARN_CONSTANT_CONVERSION = YES;
				CLANG_WARN_DEPRECATED_OBJC_IMPLEMENTATIONS = YES;
				CLANG_WARN_DIRECT_OBJC_ISA_USAGE = YES_ERROR;
				CLANG_WARN_DOCUMENTATION_COMMENTS = YES;
				CLANG_WARN_EMPTY_BODY = YES;
				CLANG_WARN_ENUM_CONVERSION = YES;
				CLANG_WARN_INFINITE_RECURSION = YES;
				CLANG_WARN_INT_CONVERSION = YES;
				CLANG_WARN_NON_LITERAL_NULL_CONVERSION = YES;
				CLANG_WARN_OBJC_IMPLICIT_RETAIN_SELF = YES;
				CLANG_WARN_OBJC_LITERAL_CONVERSION = YES;
				CLANG_WARN_OBJC_ROOT_CLASS = YES_ERROR;
				CLANG_WARN_QUOTED_INCLUDE_IN_FRAMEWORK_HEADER = YES;
				CLANG_WARN_RANGE_LOOP_ANALYSIS = YES;
				CLANG_WARN_STRICT_PROTOTYPES = YES;
				CLANG_WARN_SUSPICIOUS_MOVE = YES;
				CLANG_WARN_UNGUARDED_AVAILABILITY = YES_AGGRESSIVE;
				CLANG_WARN_UNREACHABLE_CODE = YES;
				CLANG_WARN__DUPLICATE_METHOD_MATCH = YES;
				COPY_PHASE_STRIP = NO;
				DEBUG_INFORMATION_FORMAT = dwarf;
				ENABLE_STRICT_OBJC_MSGSEND = YES;
				ENABLE_TESTABILITY = YES;
				GCC_C_LANGUAGE_STANDARD = gnu11;
				GCC_DYNAMIC_NO_PIC = NO;
				GCC_NO_COMMON_BLOCKS = YES;
				GCC_OPTIMIZATION_LEVEL = 0;
				GCC_PREPROCESSOR_DEFINITIONS = (
					"DEBUG=1",
					"$(inherited)",
				);
				GCC_WARN_64_TO_32_BIT_CONVERSION = YES;
				GCC_WARN_ABOUT_RETURN_TYPE = YES_ERROR;
				GCC_WARN_UNDECLARED_SELECTOR = YES;
				GCC_WARN_UNINITIALIZED_AUTOS = YES_AGGRESSIVE;
				GCC_WARN_UNUSED_FUNCTION = YES;
				GCC_WARN_UNUSED_VARIABLE = YES;
				IPHONEOS_DEPLOYMENT_TARGET = 14.4;
				MTL_ENABLE_DEBUG_INFO = INCLUDE_SOURCE;
				MTL_FAST_MATH = YES;
				ONLY_ACTIVE_ARCH = YES;
				SDKROOT = iphoneos;
				SWIFT_ACTIVE_COMPILATION_CONDITIONS = DEBUG;
				SWIFT_OPTIMIZATION_LEVEL = "-Onone";
			};
			name = Debug;
		};
		BFF61D4625D0E6830074A3A1 /* Release */ = {
			isa = XCBuildConfiguration;
			buildSettings = {
				ALWAYS_SEARCH_USER_PATHS = NO;
				CLANG_ANALYZER_NONNULL = YES;
				CLANG_ANALYZER_NUMBER_OBJECT_CONVERSION = YES_AGGRESSIVE;
				CLANG_CXX_LANGUAGE_STANDARD = "gnu++14";
				CLANG_CXX_LIBRARY = "libc++";
				CLANG_ENABLE_MODULES = YES;
				CLANG_ENABLE_OBJC_ARC = YES;
				CLANG_ENABLE_OBJC_WEAK = YES;
				CLANG_WARN_BLOCK_CAPTURE_AUTORELEASING = YES;
				CLANG_WARN_BOOL_CONVERSION = YES;
				CLANG_WARN_COMMA = YES;
				CLANG_WARN_CONSTANT_CONVERSION = YES;
				CLANG_WARN_DEPRECATED_OBJC_IMPLEMENTATIONS = YES;
				CLANG_WARN_DIRECT_OBJC_ISA_USAGE = YES_ERROR;
				CLANG_WARN_DOCUMENTATION_COMMENTS = YES;
				CLANG_WARN_EMPTY_BODY = YES;
				CLANG_WARN_ENUM_CONVERSION = YES;
				CLANG_WARN_INFINITE_RECURSION = YES;
				CLANG_WARN_INT_CONVERSION = YES;
				CLANG_WARN_NON_LITERAL_NULL_CONVERSION = YES;
				CLANG_WARN_OBJC_IMPLICIT_RETAIN_SELF = YES;
				CLANG_WARN_OBJC_LITERAL_CONVERSION = YES;
				CLANG_WARN_OBJC_ROOT_CLASS = YES_ERROR;
				CLANG_WARN_QUOTED_INCLUDE_IN_FRAMEWORK_HEADER = YES;
				CLANG_WARN_RANGE_LOOP_ANALYSIS = YES;
				CLANG_WARN_STRICT_PROTOTYPES = YES;
				CLANG_WARN_SUSPICIOUS_MOVE = YES;
				CLANG_WARN_UNGUARDED_AVAILABILITY = YES_AGGRESSIVE;
				CLANG_WARN_UNREACHABLE_CODE = YES;
				CLANG_WARN__DUPLICATE_METHOD_MATCH = YES;
				COPY_PHASE_STRIP = NO;
				DEBUG_INFORMATION_FORMAT = "dwarf-with-dsym";
				ENABLE_NS_ASSERTIONS = NO;
				ENABLE_STRICT_OBJC_MSGSEND = YES;
				GCC_C_LANGUAGE_STANDARD = gnu11;
				GCC_NO_COMMON_BLOCKS = YES;
				GCC_WARN_64_TO_32_BIT_CONVERSION = YES;
				GCC_WARN_ABOUT_RETURN_TYPE = YES_ERROR;
				GCC_WARN_UNDECLARED_SELECTOR = YES;
				GCC_WARN_UNINITIALIZED_AUTOS = YES_AGGRESSIVE;
				GCC_WARN_UNUSED_FUNCTION = YES;
				GCC_WARN_UNUSED_VARIABLE = YES;
				IPHONEOS_DEPLOYMENT_TARGET = 14.4;
				MTL_ENABLE_DEBUG_INFO = NO;
				MTL_FAST_MATH = YES;
				SDKROOT = iphoneos;
				SWIFT_COMPILATION_MODE = wholemodule;
				SWIFT_OPTIMIZATION_LEVEL = "-O";
				VALIDATE_PRODUCT = YES;
			};
			name = Release;
		};
		BFF61D4825D0E6830074A3A1 /* Debug */ = {
			isa = XCBuildConfiguration;
			buildSettings = {
				ASSETCATALOG_COMPILER_APPICON_NAME = AppIcon;
				ASSETCATALOG_COMPILER_GLOBAL_ACCENT_COLOR_NAME = AccentColor;
				CODE_SIGN_STYLE = Automatic;
				DEVELOPMENT_ASSET_PATHS = "\"LoadImage JSON/Preview Content\"";
				ENABLE_PREVIEWS = YES;
				INFOPLIST_FILE = "LoadImage JSON/Info.plist";
				LD_RUNPATH_SEARCH_PATHS = (
					"$(inherited)",
					"@executable_path/Frameworks",
				);
				PRODUCT_BUNDLE_IDENTIFIER = "Ntaps.LoadImage-JSON";
				PRODUCT_NAME = "$(TARGET_NAME)";
				SWIFT_VERSION = 5.0;
				TARGETED_DEVICE_FAMILY = "1,2";
			};
			name = Debug;
		};
		BFF61D4925D0E6830074A3A1 /* Release */ = {
			isa = XCBuildConfiguration;
			buildSettings = {
				ASSETCATALOG_COMPILER_APPICON_NAME = AppIcon;
				ASSETCATALOG_COMPILER_GLOBAL_ACCENT_COLOR_NAME = AccentColor;
				CODE_SIGN_STYLE = Automatic;
				DEVELOPMENT_ASSET_PATHS = "\"LoadImage JSON/Preview Content\"";
				ENABLE_PREVIEWS = YES;
				INFOPLIST_FILE = "LoadImage JSON/Info.plist";
				LD_RUNPATH_SEARCH_PATHS = (
					"$(inherited)",
					"@executable_path/Frameworks",
				);
				PRODUCT_BUNDLE_IDENTIFIER = "Ntaps.LoadImage-JSON";
				PRODUCT_NAME = "$(TARGET_NAME)";
				SWIFT_VERSION = 5.0;
				TARGETED_DEVICE_FAMILY = "1,2";
			};
			name = Release;
		};
/* End XCBuildConfiguration section */

/* Begin XCConfigurationList section */
		BFF61D2E25D0E6820074A3A1 /* Build configuration list for PBXProject "LoadImage JSON" */ = {
			isa = XCConfigurationList;
			buildConfigurations = (
				BFF61D4525D0E6830074A3A1 /* Debug */,
				BFF61D4625D0E6830074A3A1 /* Release */,
			);
			defaultConfigurationIsVisible = 0;
			defaultConfigurationName = Release;
		};
		BFF61D4725D0E6830074A3A1 /* Build configuration list for PBXNativeTarget "LoadImage JSON" */ = {
			isa = XCConfigurationList;
			buildConfigurations = (
				BFF61D4825D0E6830074A3A1 /* Debug */,
				BFF61D4925D0E6830074A3A1 /* Release */,
			);
			defaultConfigurationIsVisible = 0;
			defaultConfigurationName = Release;
		};
/* End XCConfigurationList section */

/* Begin XCRemoteSwiftPackageReference section */
		BFF61D4B25D0E7440074A3A1 /* XCRemoteSwiftPackageReference "SwiftyJSON" */ = {
			isa = XCRemoteSwiftPackageReference;
			repositoryURL = "https://github.com/SwiftyJSON/SwiftyJSON.git";
			requirement = {
				kind = upToNextMajorVersion;
				minimumVersion = 5.0.0;
			};
		};
		BFF61D4F25D0E77B0074A3A1 /* XCRemoteSwiftPackageReference "SDWebImageSwiftUI" */ = {
			isa = XCRemoteSwiftPackageReference;
			repositoryURL = "https://github.com/SDWebImage/SDWebImageSwiftUI.git";
			requirement = {
				kind = upToNextMajorVersion;
				minimumVersion = 1.5.0;
			};
		};
/* End XCRemoteSwiftPackageReference section */

/* Begin XCSwiftPackageProductDependency section */
		BFF61D4C25D0E7440074A3A1 /* SwiftyJSON */ = {
			isa = XCSwiftPackageProductDependency;
			package = BFF61D4B25D0E7440074A3A1 /* XCRemoteSwiftPackageReference "SwiftyJSON" */;
			productName = SwiftyJSON;
		};
		BFF61D5025D0E77B0074A3A1 /* SDWebImageSwiftUI */ = {
			isa = XCSwiftPackageProductDependency;
			package = BFF61D4F25D0E77B0074A3A1 /* XCRemoteSwiftPackageReference "SDWebImageSwiftUI" */;
			productName = SDWebImageSwiftUI;
		};
/* End XCSwiftPackageProductDependency section */
	};
	rootObject = BFF61D2B25D0E6820074A3A1 /* Project object */;
}
